
Microsoft Visual Studio Solution File, Format Version 12.00
# Visual Studio Version 16
VisualStudioVersion = 16.0.30114.105
MinimumVisualStudioVersion = 10.0.40219.1
Project("{FAE04EC0-301F-11D3-BF4B-00C04F79EFBC}") = "FirstRestAPI", "FirstRestAPI\FirstRestAPI.csproj", "{14064678-C6C9-4D27-BE1A-0560DBA0961E}"
EndProject
Global
	GlobalSection(SolutionConfigurationPlatforms) = preSolution
		Debug|Any CPU = Debug|Any CPU
		Release|Any CPU = Release|Any CPU
	EndGlobalSection
	GlobalSection(ProjectConfigurationPlatforms) = postSolution
		{14064678-C6C9-4D27-BE1A-0560DBA0961E}.Debug|Any CPU.ActiveCfg = Debug|Any CPU
		{14064678-C6C9-4D27-BE1A-0560DBA0961E}.Debug|Any CPU.Build.0 = Debug|Any CPU
		{14064678-C6C9-4D27-BE1A-0560DBA0961E}.Release|Any CPU.ActiveCfg = Release|Any CPU
		{14064678-C6C9-4D27-BE1A-0560DBA0961E}.Release|Any CPU.Build.0 = Release|Any CPU
	EndGlobalSection
	GlobalSection(SolutionProperties) = preSolution
		HideSolutionNode = FALSE
	EndGlobalSection
	GlobalSection(ExtensibilityGlobals) = postSolution
		SolutionGuid = {8B37DF5C-5243-40D2-A5E7-B7259E6A2EA5}
	EndGlobalSection
EndGlobal
