
Microsoft Visual Studio Solution File, Format Version 12.00
# Visual Studio Version 16
VisualStudioVersion = 16.0.30114.105
MinimumVisualStudioVersion = 10.0.40219.1
Project("{FAE04EC0-301F-11D3-BF4B-00C04F79EFBC}") = "UsermanagementApp.Web.UI", "UsermanagementApp.Web.UI\UsermanagementApp.Web.UI.csproj", "{1F252B1E-153B-4845-99A6-AA861C6E1804}"
EndProject
Project("{FAE04EC0-301F-11D3-BF4B-00C04F79EFBC}") = "UsermanagementApp.Entity", "UsermanagementApp.Entity\UsermanagementApp.Entity.csproj", "{6EB06949-72FC-4823-83F7-FE45E3A34B8B}"
EndProject
Project("{FAE04EC0-301F-11D3-BF4B-00C04F79EFBC}") = "UsermanagementApp.Business", "UsermanagementApp.Business\UsermanagementApp.Business.csproj", "{2C31D96D-49DD-428C-8D29-BAD94CC0C75B}"
EndProject
Project("{FAE04EC0-301F-11D3-BF4B-00C04F79EFBC}") = "UsermanagementApp.DataAccess", "UsermanagementApp.DataAccess\UsermanagementApp.DataAccess.csproj", "{80F25684-B500-41A6-9042-F23AA4776B25}"
EndProject
Project("{FAE04EC0-301F-11D3-BF4B-00C04F79EFBC}") = "UsermanagementApp.Contracts", "UsermanagementApp.Contracts\UsermanagementApp.Contracts.csproj", "{7FFD582A-D78F-4861-8434-22C55DAF8184}"
EndProject
Global
	GlobalSection(SolutionConfigurationPlatforms) = preSolution
		Debug|Any CPU = Debug|Any CPU
		Release|Any CPU = Release|Any CPU
	EndGlobalSection
	GlobalSection(ProjectConfigurationPlatforms) = postSolution
		{1F252B1E-153B-4845-99A6-AA861C6E1804}.Debug|Any CPU.ActiveCfg = Debug|Any CPU
		{1F252B1E-153B-4845-99A6-AA861C6E1804}.Debug|Any CPU.Build.0 = Debug|Any CPU
		{1F252B1E-153B-4845-99A6-AA861C6E1804}.Release|Any CPU.ActiveCfg = Release|Any CPU
		{1F252B1E-153B-4845-99A6-AA861C6E1804}.Release|Any CPU.Build.0 = Release|Any CPU
		{6EB06949-72FC-4823-83F7-FE45E3A34B8B}.Debug|Any CPU.ActiveCfg = Debug|Any CPU
		{6EB06949-72FC-4823-83F7-FE45E3A34B8B}.Debug|Any CPU.Build.0 = Debug|Any CPU
		{6EB06949-72FC-4823-83F7-FE45E3A34B8B}.Release|Any CPU.ActiveCfg = Release|Any CPU
		{6EB06949-72FC-4823-83F7-FE45E3A34B8B}.Release|Any CPU.Build.0 = Release|Any CPU
		{2C31D96D-49DD-428C-8D29-BAD94CC0C75B}.Debug|Any CPU.ActiveCfg = Debug|Any CPU
		{2C31D96D-49DD-428C-8D29-BAD94CC0C75B}.Debug|Any CPU.Build.0 = Debug|Any CPU
		{2C31D96D-49DD-428C-8D29-BAD94CC0C75B}.Release|Any CPU.ActiveCfg = Release|Any CPU
		{2C31D96D-49DD-428C-8D29-BAD94CC0C75B}.Release|Any CPU.Build.0 = Release|Any CPU
		{80F25684-B500-41A6-9042-F23AA4776B25}.Debug|Any CPU.ActiveCfg = Debug|Any CPU
		{80F25684-B500-41A6-9042-F23AA4776B25}.Debug|Any CPU.Build.0 = Debug|Any CPU
		{80F25684-B500-41A6-9042-F23AA4776B25}.Release|Any CPU.ActiveCfg = Release|Any CPU
		{80F25684-B500-41A6-9042-F23AA4776B25}.Release|Any CPU.Build.0 = Release|Any CPU
		{7FFD582A-D78F-4861-8434-22C55DAF8184}.Debug|Any CPU.ActiveCfg = Debug|Any CPU
		{7FFD582A-D78F-4861-8434-22C55DAF8184}.Debug|Any CPU.Build.0 = Debug|Any CPU
		{7FFD582A-D78F-4861-8434-22C55DAF8184}.Release|Any CPU.ActiveCfg = Release|Any CPU
		{7FFD582A-D78F-4861-8434-22C55DAF8184}.Release|Any CPU.Build.0 = Release|Any CPU
	EndGlobalSection
	GlobalSection(SolutionProperties) = preSolution
		HideSolutionNode = FALSE
	EndGlobalSection
	GlobalSection(ExtensibilityGlobals) = postSolution
		SolutionGuid = {A4B4F615-4A77-45CC-858B-1B6F7612FDE3}
	EndGlobalSection
EndGlobal
