
Microsoft Visual Studio Solution File, Format Version 12.00
# Visual Studio Version 16
VisualStudioVersion = 16.0.30114.105
MinimumVisualStudioVersion = 10.0.40219.1
Project("{FAE04EC0-301F-11D3-BF4B-00C04F79EFBC}") = "DemoWebApp", "DemoWebApp\DemoWebApp.csproj", "{897DFAC9-99B7-4A23-AE56-45968D3F8CB9}"
EndProject
Global
	GlobalSection(SolutionConfigurationPlatforms) = preSolution
		Debug|Any CPU = Debug|Any CPU
		Release|Any CPU = Release|Any CPU
	EndGlobalSection
	GlobalSection(ProjectConfigurationPlatforms) = postSolution
		{897DFAC9-99B7-4A23-AE56-45968D3F8CB9}.Debug|Any CPU.ActiveCfg = Debug|Any CPU
		{897DFAC9-99B7-4A23-AE56-45968D3F8CB9}.Debug|Any CPU.Build.0 = Debug|Any CPU
		{897DFAC9-99B7-4A23-AE56-45968D3F8CB9}.Release|Any CPU.ActiveCfg = Release|Any CPU
		{897DFAC9-99B7-4A23-AE56-45968D3F8CB9}.Release|Any CPU.Build.0 = Release|Any CPU
	EndGlobalSection
	GlobalSection(SolutionProperties) = preSolution
		HideSolutionNode = FALSE
	EndGlobalSection
	GlobalSection(ExtensibilityGlobals) = postSolution
		SolutionGuid = {FDC2989D-22ED-4A47-ABC9-EB0E305FA786}
	EndGlobalSection
EndGlobal
